{
  "name": "mgl-eslint-rules",
  "version": "2.0.0",
  "lockfileVersion": 1,
  "requires": true,
  "dependencies": {
    "changelog42": {
      "version": "0.9.0",
      "resolved": "https://registry.npmjs.org/changelog42/-/changelog42-0.9.0.tgz",
      "integrity": "sha1-hNc3LWuWVs7sttPbYU0SIjhINOA=",
      "dev": true
    }
  }
}
